
Microsoft Visual Studio Solution File, Format Version 12.00
# Visual Studio 15
VisualStudioVersion = 15.0.28307.271
MinimumVisualStudioVersion = 10.0.40219.1
Project("{FAE04EC0-301F-11D3-BF4B-00C04F79EFBC}") = "AwesomePortal", "AwesomePortal\AwesomePortal.csproj", "{AF440098-3884-4836-BBF4-CAE84A78C219}"
EndProject
Global
	GlobalSection(SolutionConfigurationPlatforms) = preSolution
		Debug|Any CPU = Debug|Any CPU
		Release|Any CPU = Release|Any CPU
	EndGlobalSection
	GlobalSection(ProjectConfigurationPlatforms) = postSolution
		{AF440098-3884-4836-BBF4-CAE84A78C219}.Debug|Any CPU.ActiveCfg = Debug|Any CPU
		{AF440098-3884-4836-BBF4-CAE84A78C219}.Debug|Any CPU.Build.0 = Debug|Any CPU
		{AF440098-3884-4836-BBF4-CAE84A78C219}.Release|Any CPU.ActiveCfg = Release|Any CPU
		{AF440098-3884-4836-BBF4-CAE84A78C219}.Release|Any CPU.Build.0 = Release|Any CPU
	EndGlobalSection
	GlobalSection(SolutionProperties) = preSolution
		HideSolutionNode = FALSE
	EndGlobalSection
	GlobalSection(ExtensibilityGlobals) = postSolution
		SolutionGuid = {02288E2B-2CDE-426A-803E-88F5150CF47F}
	EndGlobalSection
EndGlobal
